// !$*UTF8*$!
{
	archiveVersion = 1;
	classes = {
	};
	objectVersion = 46;
	objects = {

/* Begin PBXBuildFile section */
		D395B5CC19C296A4007B48A8 /* Foundation.framework in Frameworks */ = {isa = PBXBuildFile; fileRef = D395B5CB19C296A4007B48A8 /* Foundation.framework */; };
		D395B5CE19C296A4007B48A8 /* CoreGraphics.framework in Frameworks */ = {isa = PBXBuildFile; fileRef = D395B5CD19C296A4007B48A8 /* CoreGraphics.framework */; };
		D395B5D019C296A4007B48A8 /* UIKit.framework in Frameworks */ = {isa = PBXBuildFile; fileRef = D395B5CF19C296A4007B48A8 /* UIKit.framework */; };
		D395B5D619C296A4007B48A8 /* InfoPlist.strings in Resources */ = {isa = PBXBuildFile; fileRef = D395B5D419C296A4007B48A8 /* InfoPlist.strings */; };
		D395B5D819C296A4007B48A8 /* main.m in Sources */ = {isa = PBXBuildFile; fileRef = D395B5D719C296A4007B48A8 /* main.m */; };
		D395B5DC19C296A4007B48A8 /* AppDelegate.m in Sources */ = {isa = PBXBuildFile; fileRef = D395B5DB19C296A4007B48A8 /* AppDelegate.m */; };
		D395B5DF19C296A4007B48A8 /* Main.storyboard in Resources */ = {isa = PBXBuildFile; fileRef = D395B5DD19C296A4007B48A8 /* Main.storyboard */; };
		D395B5E219C296A4007B48A8 /* ViewController.m in Sources */ = {isa = PBXBuildFile; fileRef = D395B5E119C296A4007B48A8 /* ViewController.m */; };
		D395B5E419C296A4007B48A8 /* Images.xcassets in Resources */ = {isa = PBXBuildFile; fileRef = D395B5E319C296A4007B48A8 /* Images.xcassets */; };
		D395B5EB19C296A4007B48A8 /* XCTest.framework in Frameworks */ = {isa = PBXBuildFile; fileRef = D395B5EA19C296A4007B48A8 /* XCTest.framework */; };
		D395B5EC19C296A4007B48A8 /* Foundation.framework in Frameworks */ = {isa = PBXBuildFile; fileRef = D395B5CB19C296A4007B48A8 /* Foundation.framework */; };
		D395B5ED19C296A4007B48A8 /* UIKit.framework in Frameworks */ = {isa = PBXBuildFile; fileRef = D395B5CF19C296A4007B48A8 /* UIKit.framework */; };
		D395B5F519C296A4007B48A8 /* InfoPlist.strings in Resources */ = {isa = PBXBuildFile; fileRef = D395B5F319C296A4007B48A8 /* InfoPlist.strings */; };
		D395B5F719C296A4007B48A8 /* FreeMealsTests.m in Sources */ = {isa = PBXBuildFile; fileRef = D395B5F619C296A4007B48A8 /* FreeMealsTests.m */; };
/* End PBXBuildFile section */

/* Begin PBXContainerItemProxy section */
		D395B5EE19C296A4007B48A8 /* PBXContainerItemProxy */ = {
			isa = PBXContainerItemProxy;
			containerPortal = D395B5C019C296A4007B48A8 /* Project object */;
			proxyType = 1;
			remoteGlobalIDString = D395B5C719C296A4007B48A8;
			remoteInfo = FreeMeals;
		};
/* End PBXContainerItemProxy section */

/* Begin PBXFileReference section */
		D395B5C819C296A4007B48A8 /* FreeMeals.app */ = {isa = PBXFileReference; explicitFileType = wrapper.application; includeInIndex = 0; path = FreeMeals.app; sourceTree = BUILT_PRODUCTS_DIR; };
		D395B5CB19C296A4007B48A8 /* Foundation.framework */ = {isa = PBXFileReference; lastKnownFileType = wrapper.framework; name = Foundation.framework; path = System/Library/Frameworks/Foundation.framework; sourceTree = SDKROOT; };
		D395B5CD19C296A4007B48A8 /* CoreGraphics.framework */ = {isa = PBXFileReference; lastKnownFileType = wrapper.framework; name = CoreGraphics.framework; path = System/Library/Frameworks/CoreGraphics.framework; sourceTree = SDKROOT; };
		D395B5CF19C296A4007B48A8 /* UIKit.framework */ = {isa = PBXFileReference; lastKnownFileType = wrapper.framework; name = UIKit.framework; path = System/Library/Frameworks/UIKit.framework; sourceTree = SDKROOT; };
		D395B5D319C296A4007B48A8 /* FreeMeals-Info.plist */ = {isa = PBXFileReference; lastKnownFileType = text.plist.xml; path = "FreeMeals-Info.plist"; sourceTree = "<group>"; };
		D395B5D519C296A4007B48A8 /* en */ = {isa = PBXFileReference; lastKnownFileType = text.plist.strings; name = en; path = en.lproj/InfoPlist.strings; sourceTree = "<group>"; };
		D395B5D719C296A4007B48A8 /* main.m */ = {isa = PBXFileReference; lastKnownFileType = sourcecode.c.objc; path = main.m; sourceTree = "<group>"; };
		D395B5D919C296A4007B48A8 /* FreeMeals-Prefix.pch */ = {isa = PBXFileReference; lastKnownFileType = sourcecode.c.h; path = "FreeMeals-Prefix.pch"; sourceTree = "<group>"; };
		D395B5DA19C296A4007B48A8 /* AppDelegate.h */ = {isa = PBXFileReference; lastKnownFileType = sourcecode.c.h; path = AppDelegate.h; sourceTree = "<group>"; };
		D395B5DB19C296A4007B48A8 /* AppDelegate.m */ = {isa = PBXFileReference; lastKnownFileType = sourcecode.c.objc; path = AppDelegate.m; sourceTree = "<group>"; };
		D395B5DE19C296A4007B48A8 /* Base */ = {isa = PBXFileReference; lastKnownFileType = file.storyboard; name = Base; path = Base.lproj/Main.storyboard; sourceTree = "<group>"; };
		D395B5E019C296A4007B48A8 /* ViewController.h */ = {isa = PBXFileReference; lastKnownFileType = sourcecode.c.h; path = ViewController.h; sourceTree = "<group>"; };
		D395B5E119C296A4007B48A8 /* ViewController.m */ = {isa = PBXFileReference; lastKnownFileType = sourcecode.c.objc; path = ViewController.m; sourceTree = "<group>"; };
		D395B5E319C296A4007B48A8 /* Images.xcassets */ = {isa = PBXFileReference; lastKnownFileType = folder.assetcatalog; path = Images.xcassets; sourceTree = "<group>"; };
		D395B5E919C296A4007B48A8 /* FreeMealsTests.xctest */ = {isa = PBXFileReference; explicitFileType = wrapper.cfbundle; includeInIndex = 0; path = FreeMealsTests.xctest; sourceTree = BUILT_PRODUCTS_DIR; };
		D395B5EA19C296A4007B48A8 /* XCTest.framework */ = {isa = PBXFileReference; lastKnownFileType = wrapper.framework; name = XCTest.framework; path = Library/Frameworks/XCTest.framework; sourceTree = DEVELOPER_DIR; };
		D395B5F219C296A4007B48A8 /* FreeMealsTests-Info.plist */ = {isa = PBXFileReference; lastKnownFileType = text.plist.xml; path = "FreeMealsTests-Info.plist"; sourceTree = "<group>"; };
		D395B5F419C296A4007B48A8 /* en */ = {isa = PBXFileReference; lastKnownFileType = text.plist.strings; name = en; path = en.lproj/InfoPlist.strings; sourceTree = "<group>"; };
		D395B5F619C296A4007B48A8 /* FreeMealsTests.m */ = {isa = PBXFileReference; lastKnownFileType = sourcecode.c.objc; path = FreeMealsTests.m; sourceTree = "<group>"; };
/* End PBXFileReference section */

/* Begin PBXFrameworksBuildPhase section */
		D395B5C519C296A4007B48A8 /* Frameworks */ = {
			isa = PBXFrameworksBuildPhase;
			buildActionMask = 2147483647;
			files = (
				D395B5CE19C296A4007B48A8 /* CoreGraphics.framework in Frameworks */,
				D395B5D019C296A4007B48A8 /* UIKit.framework in Frameworks */,
				D395B5CC19C296A4007B48A8 /* Foundation.framework in Frameworks */,
			);
			runOnlyForDeploymentPostprocessing = 0;
		};
		D395B5E619C296A4007B48A8 /* Frameworks */ = {
			isa = PBXFrameworksBuildPhase;
			buildActionMask = 2147483647;
			files = (
				D395B5EB19C296A4007B48A8 /* XCTest.framework in Frameworks */,
				D395B5ED19C296A4007B48A8 /* UIKit.framework in Frameworks */,
				D395B5EC19C296A4007B48A8 /* Foundation.framework in Frameworks */,
			);
			runOnlyForDeploymentPostprocessing = 0;
		};
/* End PBXFrameworksBuildPhase section */

/* Begin PBXGroup section */
		D395B5BF19C296A4007B48A8 = {
			isa = PBXGroup;
			children = (
				D395B5D119C296A4007B48A8 /* FreeMeals */,
				D395B5F019C296A4007B48A8 /* FreeMealsTests */,
				D395B5CA19C296A4007B48A8 /* Frameworks */,
				D395B5C919C296A4007B48A8 /* Products */,
			);
			sourceTree = "<group>";
		};
		D395B5C919C296A4007B48A8 /* Products */ = {
			isa = PBXGroup;
			children = (
				D395B5C819C296A4007B48A8 /* FreeMeals.app */,
				D395B5E919C296A4007B48A8 /* FreeMealsTests.xctest */,
			);
			name = Products;
			sourceTree = "<group>";
		};
		D395B5CA19C296A4007B48A8 /* Frameworks */ = {
			isa = PBXGroup;
			children = (
				D395B5CB19C296A4007B48A8 /* Foundation.framework */,
				D395B5CD19C296A4007B48A8 /* CoreGraphics.framework */,
				D395B5CF19C296A4007B48A8 /* UIKit.framework */,
				D395B5EA19C296A4007B48A8 /* XCTest.framework */,
			);
			name = Frameworks;
			sourceTree = "<group>";
		};
		D395B5D119C296A4007B48A8 /* FreeMeals */ = {
			isa = PBXGroup;
			children = (
				D395B5DA19C296A4007B48A8 /* AppDelegate.h */,
				D395B5DB19C296A4007B48A8 /* AppDelegate.m */,
				D395B5DD19C296A4007B48A8 /* Main.storyboard */,
				D395B5E019C296A4007B48A8 /* ViewController.h */,
				D395B5E119C296A4007B48A8 /* ViewController.m */,
				D395B5E319C296A4007B48A8 /* Images.xcassets */,
				D395B5D219C296A4007B48A8 /* Supporting Files */,
			);
			path = FreeMeals;
			sourceTree = "<group>";
		};
		D395B5D219C296A4007B48A8 /* Supporting Files */ = {
			isa = PBXGroup;
			children = (
				D395B5D319C296A4007B48A8 /* FreeMeals-Info.plist */,
				D395B5D419C296A4007B48A8 /* InfoPlist.strings */,
				D395B5D719C296A4007B48A8 /* main.m */,
				D395B5D919C296A4007B48A8 /* FreeMeals-Prefix.pch */,
			);
			name = "Supporting Files";
			sourceTree = "<group>";
		};
		D395B5F019C296A4007B48A8 /* FreeMealsTests */ = {
			isa = PBXGroup;
			children = (
				D395B5F619C296A4007B48A8 /* FreeMealsTests.m */,
				D395B5F119C296A4007B48A8 /* Supporting Files */,
			);
			path = FreeMealsTests;
			sourceTree = "<group>";
		};
		D395B5F119C296A4007B48A8 /* Supporting Files */ = {
			isa = PBXGroup;
			children = (
				D395B5F219C296A4007B48A8 /* FreeMealsTests-Info.plist */,
				D395B5F319C296A4007B48A8 /* InfoPlist.strings */,
			);
			name = "Supporting Files";
			sourceTree = "<group>";
		};
/* End PBXGroup section */

/* Begin PBXNativeTarget section */
		D395B5C719C296A4007B48A8 /* FreeMeals */ = {
			isa = PBXNativeTarget;
			buildConfigurationList = D395B5FA19C296A4007B48A8 /* Build configuration list for PBXNativeTarget "FreeMeals" */;
			buildPhases = (
				D395B5C419C296A4007B48A8 /* Sources */,
				D395B5C519C296A4007B48A8 /* Frameworks */,
				D395B5C619C296A4007B48A8 /* Resources */,
			);
			buildRules = (
			);
			dependencies = (
			);
			name = FreeMeals;
			productName = FreeMeals;
			productReference = D395B5C819C296A4007B48A8 /* FreeMeals.app */;
			productType = "com.apple.product-type.application";
		};
		D395B5E819C296A4007B48A8 /* FreeMealsTests */ = {
			isa = PBXNativeTarget;
			buildConfigurationList = D395B5FD19C296A4007B48A8 /* Build configuration list for PBXNativeTarget "FreeMealsTests" */;
			buildPhases = (
				D395B5E519C296A4007B48A8 /* Sources */,
				D395B5E619C296A4007B48A8 /* Frameworks */,
				D395B5E719C296A4007B48A8 /* Resources */,
			);
			buildRules = (
			);
			dependencies = (
				D395B5EF19C296A4007B48A8 /* PBXTargetDependency */,
			);
			name = FreeMealsTests;
			productName = FreeMealsTests;
			productReference = D395B5E919C296A4007B48A8 /* FreeMealsTests.xctest */;
			productType = "com.apple.product-type.bundle.unit-test";
		};
/* End PBXNativeTarget section */

/* Begin PBXProject section */
		D395B5C019C296A4007B48A8 /* Project object */ = {
			isa = PBXProject;
			attributes = {
				LastUpgradeCheck = 0510;
				ORGANIZATIONNAME = ChurchOf;
				TargetAttributes = {
					D395B5E819C296A4007B48A8 = {
						TestTargetID = D395B5C719C296A4007B48A8;
					};
				};
			};
			buildConfigurationList = D395B5C319C296A4007B48A8 /* Build configuration list for PBXProject "FreeMeals" */;
			compatibilityVersion = "Xcode 3.2";
			developmentRegion = English;
			hasScannedForEncodings = 0;
			knownRegions = (
				en,
				Base,
			);
			mainGroup = D395B5BF19C296A4007B48A8;
			productRefGroup = D395B5C919C296A4007B48A8 /* Products */;
			projectDirPath = "";
			projectRoot = "";
			targets = (
				D395B5C719C296A4007B48A8 /* FreeMeals */,
				D395B5E819C296A4007B48A8 /* FreeMealsTests */,
			);
		};
/* End PBXProject section */

/* Begin PBXResourcesBuildPhase section */
		D395B5C619C296A4007B48A8 /* Resources */ = {
			isa = PBXResourcesBuildPhase;
			buildActionMask = 2147483647;
			files = (
				D395B5E419C296A4007B48A8 /* Images.xcassets in Resources */,
				D395B5D619C296A4007B48A8 /* InfoPlist.strings in Resources */,
				D395B5DF19C296A4007B48A8 /* Main.storyboard in Resources */,
			);
			runOnlyForDeploymentPostprocessing = 0;
		};
		D395B5E719C296A4007B48A8 /* Resources */ = {
			isa = PBXResourcesBuildPhase;
			buildActionMask = 2147483647;
			files = (
				D395B5F519C296A4007B48A8 /* InfoPlist.strings in Resources */,
			);
			runOnlyForDeploymentPostprocessing = 0;
		};
/* End PBXResourcesBuildPhase section */

/* Begin PBXSourcesBuildPhase section */
		D395B5C419C296A4007B48A8 /* Sources */ = {
			isa = PBXSourcesBuildPhase;
			buildActionMask = 2147483647;
			files = (
				D395B5E219C296A4007B48A8 /* ViewController.m in Sources */,
				D395B5DC19C296A4007B48A8 /* AppDelegate.m in Sources */,
				D395B5D819C296A4007B48A8 /* main.m in Sources */,
			);
			runOnlyForDeploymentPostprocessing = 0;
		};
		D395B5E519C296A4007B48A8 /* Sources */ = {
			isa = PBXSourcesBuildPhase;
			buildActionMask = 2147483647;
			files = (
				D395B5F719C296A4007B48A8 /* FreeMealsTests.m in Sources */,
			);
			runOnlyForDeploymentPostprocessing = 0;
		};
/* End PBXSourcesBuildPhase section */

/* Begin PBXTargetDependency section */
		D395B5EF19C296A4007B48A8 /* PBXTargetDependency */ = {
			isa = PBXTargetDependency;
			target = D395B5C719C296A4007B48A8 /* FreeMeals */;
			targetProxy = D395B5EE19C296A4007B48A8 /* PBXContainerItemProxy */;
		};
/* End PBXTargetDependency section */

/* Begin PBXVariantGroup section */
		D395B5D419C296A4007B48A8 /* InfoPlist.strings */ = {
			isa = PBXVariantGroup;
			children = (
				D395B5D519C296A4007B48A8 /* en */,
			);
			name = InfoPlist.strings;
			sourceTree = "<group>";
		};
		D395B5DD19C296A4007B48A8 /* Main.storyboard */ = {
			isa = PBXVariantGroup;
			children = (
				D395B5DE19C296A4007B48A8 /* Base */,
			);
			name = Main.storyboard;
			sourceTree = "<group>";
		};
		D395B5F319C296A4007B48A8 /* InfoPlist.strings */ = {
			isa = PBXVariantGroup;
			children = (
				D395B5F419C296A4007B48A8 /* en */,
			);
			name = InfoPlist.strings;
			sourceTree = "<group>";
		};
/* End PBXVariantGroup section */

/* Begin XCBuildConfiguration section */
		D395B5F819C296A4007B48A8 /* Debug */ = {
			isa = XCBuildConfiguration;
			buildSettings = {
				ALWAYS_SEARCH_USER_PATHS = NO;
				CLANG_CXX_LANGUAGE_STANDARD = "gnu++0x";
				CLANG_CXX_LIBRARY = "libc++";
				CLANG_ENABLE_MODULES = YES;
				CLANG_ENABLE_OBJC_ARC = YES;
				CLANG_WARN_BOOL_CONVERSION = YES;
				CLANG_WARN_CONSTANT_CONVERSION = YES;
				CLANG_WARN_DIRECT_OBJC_ISA_USAGE = YES_ERROR;
				CLANG_WARN_EMPTY_BODY = YES;
				CLANG_WARN_ENUM_CONVERSION = YES;
				CLANG_WARN_INT_CONVERSION = YES;
				CLANG_WARN_OBJC_ROOT_CLASS = YES_ERROR;
				CLANG_WARN__DUPLICATE_METHOD_MATCH = YES;
				"CODE_SIGN_IDENTITY[sdk=iphoneos*]" = "iPhone Developer";
				COPY_PHASE_STRIP = NO;
				GCC_C_LANGUAGE_STANDARD = gnu99;
				GCC_DYNAMIC_NO_PIC = NO;
				GCC_OPTIMIZATION_LEVEL = 0;
				GCC_PREPROCESSOR_DEFINITIONS = (
					"DEBUG=1",
					"$(inherited)",
				);
				GCC_SYMBOLS_PRIVATE_EXTERN = NO;
				GCC_WARN_64_TO_32_BIT_CONVERSION = YES;
				GCC_WARN_ABOUT_RETURN_TYPE = YES_ERROR;
				GCC_WARN_UNDECLARED_SELECTOR = YES;
				GCC_WARN_UNINITIALIZED_AUTOS = YES_AGGRESSIVE;
				GCC_WARN_UNUSED_FUNCTION = YES;
				GCC_WARN_UNUSED_VARIABLE = YES;
				IPHONEOS_DEPLOYMENT_TARGET = 7.1;
				ONLY_ACTIVE_ARCH = YES;
				SDKROOT = iphoneos;
			};
			name = Debug;
		};
		D395B5F919C296A4007B48A8 /* Release */ = {
			isa = XCBuildConfiguration;
			buildSettings = {
				ALWAYS_SEARCH_USER_PATHS = NO;
				CLANG_CXX_LANGUAGE_STANDARD = "gnu++0x";
				CLANG_CXX_LIBRARY = "libc++";
				CLANG_ENABLE_MODULES = YES;
				CLANG_ENABLE_OBJC_ARC = YES;
				CLANG_WARN_BOOL_CONVERSION = YES;
				CLANG_WARN_CONSTANT_CONVERSION = YES;
				CLANG_WARN_DIRECT_OBJC_ISA_USAGE = YES_ERROR;
				CLANG_WARN_EMPTY_BODY = YES;
				CLANG_WARN_ENUM_CONVERSION = YES;
				CLANG_WARN_INT_CONVERSION = YES;
				CLANG_WARN_OBJC_ROOT_CLASS = YES_ERROR;
				CLANG_WARN__DUPLICATE_METHOD_MATCH = YES;
				"CODE_SIGN_IDENTITY[sdk=iphoneos*]" = "iPhone Developer";
				COPY_PHASE_STRIP = YES;
				ENABLE_NS_ASSERTIONS = NO;
				GCC_C_LANGUAGE_STANDARD = gnu99;
				GCC_WARN_64_TO_32_BIT_CONVERSION = YES;
				GCC_WARN_ABOUT_RETURN_TYPE = YES_ERROR;
				GCC_WARN_UNDECLARED_SELECTOR = YES;
				GCC_WARN_UNINITIALIZED_AUTOS = YES_AGGRESSIVE;
				GCC_WARN_UNUSED_FUNCTION = YES;
				GCC_WARN_UNUSED_VARIABLE = YES;
				IPHONEOS_DEPLOYMENT_TARGET = 7.1;
				SDKROOT = iphoneos;
				VALIDATE_PRODUCT = YES;
			};
			name = Release;
		};
		D395B5FB19C296A4007B48A8 /* Debug */ = {
			isa = XCBuildConfiguration;
			buildSettings = {
				ASSETCATALOG_COMPILER_APPICON_NAME = AppIcon;
				ASSETCATALOG_COMPILER_LAUNCHIMAGE_NAME = LaunchImage;
				GCC_PRECOMPILE_PREFIX_HEADER = YES;
				GCC_PREFIX_HEADER = "FreeMeals/FreeMeals-Prefix.pch";
				INFOPLIST_FILE = "FreeMeals/FreeMeals-Info.plist";
				PRODUCT_NAME = "$(TARGET_NAME)";
				WRAPPER_EXTENSION = app;
			};
			name = Debug;
		};
		D395B5FC19C296A4007B48A8 /* Release */ = {
			isa = XCBuildConfiguration;
			buildSettings = {
				ASSETCATALOG_COMPILER_APPICON_NAME = AppIcon;
				ASSETCATALOG_COMPILER_LAUNCHIMAGE_NAME = LaunchImage;
				GCC_PRECOMPILE_PREFIX_HEADER = YES;
				GCC_PREFIX_HEADER = "FreeMeals/FreeMeals-Prefix.pch";
				INFOPLIST_FILE = "FreeMeals/FreeMeals-Info.plist";
				PRODUCT_NAME = "$(TARGET_NAME)";
				WRAPPER_EXTENSION = app;
			};
			name = Release;
		};
		D395B5FE19C296A4007B48A8 /* Debug */ = {
			isa = XCBuildConfiguration;
			buildSettings = {
				BUNDLE_LOADER = "$(BUILT_PRODUCTS_DIR)/FreeMeals.app/FreeMeals";
				FRAMEWORK_SEARCH_PATHS = (
					"$(SDKROOT)/Developer/Library/Frameworks",
					"$(inherited)",
					"$(DEVELOPER_FRAMEWORKS_DIR)",
				);
				GCC_PRECOMPILE_PREFIX_HEADER = YES;
				GCC_PREFIX_HEADER = "FreeMeals/FreeMeals-Prefix.pch";
				GCC_PREPROCESSOR_DEFINITIONS = (
					"DEBUG=1",
					"$(inherited)",
				);
				INFOPLIST_FILE = "FreeMealsTests/FreeMealsTests-Info.plist";
				PRODUCT_NAME = "$(TARGET_NAME)";
				TEST_HOST = "$(BUNDLE_LOADER)";
				WRAPPER_EXTENSION = xctest;
			};
			name = Debug;
		};
		D395B5FF19C296A4007B48A8 /* Release */ = {
			isa = XCBuildConfiguration;
			buildSettings = {
				BUNDLE_LOADER = "$(BUILT_PRODUCTS_DIR)/FreeMeals.app/FreeMeals";
				FRAMEWORK_SEARCH_PATHS = (
					"$(SDKROOT)/Developer/Library/Frameworks",
					"$(inherited)",
					"$(DEVELOPER_FRAMEWORKS_DIR)",
				);
				GCC_PRECOMPILE_PREFIX_HEADER = YES;
				GCC_PREFIX_HEADER = "FreeMeals/FreeMeals-Prefix.pch";
				INFOPLIST_FILE = "FreeMealsTests/FreeMealsTests-Info.plist";
				PRODUCT_NAME = "$(TARGET_NAME)";
				TEST_HOST = "$(BUNDLE_LOADER)";
				WRAPPER_EXTENSION = xctest;
			};
			name = Release;
		};
/* End XCBuildConfiguration section */

/* Begin XCConfigurationList section */
		D395B5C319C296A4007B48A8 /* Build configuration list for PBXProject "FreeMeals" */ = {
			isa = XCConfigurationList;
			buildConfigurations = (
				D395B5F819C296A4007B48A8 /* Debug */,
				D395B5F919C296A4007B48A8 /* Release */,
			);
			defaultConfigurationIsVisible = 0;
			defaultConfigurationName = Release;
		};
		D395B5FA19C296A4007B48A8 /* Build configuration list for PBXNativeTarget "FreeMeals" */ = {
			isa = XCConfigurationList;
			buildConfigurations = (
				D395B5FB19C296A4007B48A8 /* Debug */,
				D395B5FC19C296A4007B48A8 /* Release */,
			);
			defaultConfigurationIsVisible = 0;
		};
		D395B5FD19C296A4007B48A8 /* Build configuration list for PBXNativeTarget "FreeMealsTests" */ = {
			isa = XCConfigurationList;
			buildConfigurations = (
				D395B5FE19C296A4007B48A8 /* Debug */,
				D395B5FF19C296A4007B48A8 /* Release */,
			);
			defaultConfigurationIsVisible = 0;
		};
/* End XCConfigurationList section */
	};
	rootObject = D395B5C019C296A4007B48A8 /* Project object */;
}
